
Microsoft Visual Studio Solution File, Format Version 12.00
# Visual Studio 15
Project("{FAE04EC0-301F-11D3-BF4B-00C04F79EFBC}") = "Assembly-CSharp", "Assembly-CSharp.csproj", "{AAC51A2E-90D9-C777-25B9-F488279E7EA8}"
EndProject
Project("{FAE04EC0-301F-11D3-BF4B-00C04F79EFBC}") = "Assembly-CSharp-Editor", "Assembly-CSharp-Editor.csproj", "{5179ED84-6CA7-2395-F2F5-DD7B0215D134}"
EndProject
Global
	GlobalSection(SolutionConfigurationPlatforms) = preSolution
		Debug|Any CPU = Debug|Any CPU
		Release|Any CPU = Release|Any CPU
	EndGlobalSection
	GlobalSection(ProjectConfigurationPlatforms) = postSolution
		{AAC51A2E-90D9-C777-25B9-F488279E7EA8}.Debug|Any CPU.ActiveCfg = Debug|Any CPU
		{AAC51A2E-90D9-C777-25B9-F488279E7EA8}.Debug|Any CPU.Build.0 = Debug|Any CPU
		{AAC51A2E-90D9-C777-25B9-F488279E7EA8}.Release|Any CPU.ActiveCfg = Release|Any CPU
		{AAC51A2E-90D9-C777-25B9-F488279E7EA8}.Release|Any CPU.Build.0 = Release|Any CPU
		{5179ED84-6CA7-2395-F2F5-DD7B0215D134}.Debug|Any CPU.ActiveCfg = Debug|Any CPU
		{5179ED84-6CA7-2395-F2F5-DD7B0215D134}.Debug|Any CPU.Build.0 = Debug|Any CPU
		{5179ED84-6CA7-2395-F2F5-DD7B0215D134}.Release|Any CPU.ActiveCfg = Release|Any CPU
		{5179ED84-6CA7-2395-F2F5-DD7B0215D134}.Release|Any CPU.Build.0 = Release|Any CPU
	EndGlobalSection
	GlobalSection(SolutionProperties) = preSolution
		HideSolutionNode = FALSE
	EndGlobalSection
EndGlobal
